// !$*UTF8*$!
{
	archiveVersion = 1;
	classes = {
	};
	objectVersion = 56;
	objects = {

/* Begin PBXBuildFile section */
		5C0635BF2A7FD137003677D1 /* DishesModel.swift in Sources */ = {isa = PBXBuildFile; fileRef = 5C0635BE2A7FD137003677D1 /* DishesModel.swift */; };
		5C0635C52A7FD443003677D1 /* Dish+Extension.swift in Sources */ = {isa = PBXBuildFile; fileRef = 5C0635C42A7FD443003677D1 /* Dish+Extension.swift */; };
		5C0635C72A7FD615003677D1 /* Dish+CoreDataClass.swift in Sources */ = {isa = PBXBuildFile; fileRef = 5C0635C62A7FD615003677D1 /* Dish+CoreDataClass.swift */; };
		5C0635C92A7FD670003677D1 /* Dish+CoreDataProperties.swift in Sources */ = {isa = PBXBuildFile; fileRef = 5C0635C82A7FD670003677D1 /* Dish+CoreDataProperties.swift */; };
		5C0635CB2A7FD928003677D1 /* FetchedObjects.swift in Sources */ = {isa = PBXBuildFile; fileRef = 5C0635CA2A7FD928003677D1 /* FetchedObjects.swift */; };
		5C0635CD2A7FD995003677D1 /* DisplayDish.swift in Sources */ = {isa = PBXBuildFile; fileRef = 5C0635CC2A7FD995003677D1 /* DisplayDish.swift */; };
		5C0635D12A83E73F003677D1 /* Onboarding.swift in Sources */ = {isa = PBXBuildFile; fileRef = 5C0635D02A83E73F003677D1 /* Onboarding.swift */; };
		5C0635D32A83EB13003677D1 /* String+Extensions.swift in Sources */ = {isa = PBXBuildFile; fileRef = 5C0635D22A83EB13003677D1 /* String+Extensions.swift */; };
		5C0635D52A8462CE003677D1 /* Home.swift in Sources */ = {isa = PBXBuildFile; fileRef = 5C0635D42A8462CE003677D1 /* Home.swift */; };
		5C0635D72A84637D003677D1 /* Menu.swift in Sources */ = {isa = PBXBuildFile; fileRef = 5C0635D62A84637D003677D1 /* Menu.swift */; };
		5C14A8432A7E301800FD2FA4 /* littlelemonApp.swift in Sources */ = {isa = PBXBuildFile; fileRef = 5C14A8422A7E301800FD2FA4 /* littlelemonApp.swift */; };
		5C14A8472A7E301B00FD2FA4 /* Assets.xcassets in Resources */ = {isa = PBXBuildFile; fileRef = 5C14A8462A7E301B00FD2FA4 /* Assets.xcassets */; };
		5C14A84A2A7E301B00FD2FA4 /* Preview Assets.xcassets in Resources */ = {isa = PBXBuildFile; fileRef = 5C14A8492A7E301B00FD2FA4 /* Preview Assets.xcassets */; };
		5C14A84C2A7E301B00FD2FA4 /* Persistence.swift in Sources */ = {isa = PBXBuildFile; fileRef = 5C14A84B2A7E301B00FD2FA4 /* Persistence.swift */; };
		5C14A84F2A7E301B00FD2FA4 /* littlelemon.xcdatamodeld in Sources */ = {isa = PBXBuildFile; fileRef = 5C14A84D2A7E301B00FD2FA4 /* littlelemon.xcdatamodeld */; };
		5C326E802A88702500D3BE01 /* MenuList.swift in Sources */ = {isa = PBXBuildFile; fileRef = 5C326E7F2A88702500D3BE01 /* MenuList.swift */; };
		5C326E822A88750500D3BE01 /* MenuItem.swift in Sources */ = {isa = PBXBuildFile; fileRef = 5C326E812A88750500D3BE01 /* MenuItem.swift */; };
		5C326E852A88791300D3BE01 /* ExampleDatabase.xcdatamodeld in Sources */ = {isa = PBXBuildFile; fileRef = 5C326E832A88791300D3BE01 /* ExampleDatabase.xcdatamodeld */; };
		5C326E872A89E25A00D3BE01 /* AppColors.swift in Sources */ = {isa = PBXBuildFile; fileRef = 5C326E862A89E25A00D3BE01 /* AppColors.swift */; };
		5CCA24EE2A8DB12000448DAA /* CGFloat+Extensions.swift in Sources */ = {isa = PBXBuildFile; fileRef = 5CCA24ED2A8DB12000448DAA /* CGFloat+Extensions.swift */; };
		5CCA24F02A8EFEDC00448DAA /* Constants.swift in Sources */ = {isa = PBXBuildFile; fileRef = 5CCA24EF2A8EFEDC00448DAA /* Constants.swift */; };
		5CCA24F42A8F98A000448DAA /* Texts.swift in Sources */ = {isa = PBXBuildFile; fileRef = 5CCA24F32A8F98A000448DAA /* Texts.swift */; };
		5CCA24F62A8F995300448DAA /* Keys.swift in Sources */ = {isa = PBXBuildFile; fileRef = 5CCA24F52A8F995300448DAA /* Keys.swift */; };
		5CCA24F82A8FA0C400448DAA /* UserDefaults+Extensions.swift in Sources */ = {isa = PBXBuildFile; fileRef = 5CCA24F72A8FA0C400448DAA /* UserDefaults+Extensions.swift */; };
		5CCA24FB2A8FA49B00448DAA /* LittleLemonTextField.swift in Sources */ = {isa = PBXBuildFile; fileRef = 5CCA24FA2A8FA49B00448DAA /* LittleLemonTextField.swift */; };
		5CCA24FD2A8FAA8900448DAA /* LittleLemonImageView.swift in Sources */ = {isa = PBXBuildFile; fileRef = 5CCA24FC2A8FAA8900448DAA /* LittleLemonImageView.swift */; };
		5CCA25002A9059D000448DAA /* Details.swift in Sources */ = {isa = PBXBuildFile; fileRef = 5CCA24FF2A9059D000448DAA /* Details.swift */; };
		5CED88932A85342200525E28 /* UserProfile.swift in Sources */ = {isa = PBXBuildFile; fileRef = 5CED88922A85342200525E28 /* UserProfile.swift */; };
/* End PBXBuildFile section */

/* Begin PBXFileReference section */
		5C0635BE2A7FD137003677D1 /* DishesModel.swift */ = {isa = PBXFileReference; lastKnownFileType = sourcecode.swift; path = DishesModel.swift; sourceTree = "<group>"; };
		5C0635C42A7FD443003677D1 /* Dish+Extension.swift */ = {isa = PBXFileReference; lastKnownFileType = sourcecode.swift; path = "Dish+Extension.swift"; sourceTree = "<group>"; };
		5C0635C62A7FD615003677D1 /* Dish+CoreDataClass.swift */ = {isa = PBXFileReference; lastKnownFileType = sourcecode.swift; path = "Dish+CoreDataClass.swift"; sourceTree = "<group>"; };
		5C0635C82A7FD670003677D1 /* Dish+CoreDataProperties.swift */ = {isa = PBXFileReference; lastKnownFileType = sourcecode.swift; path = "Dish+CoreDataProperties.swift"; sourceTree = "<group>"; };
		5C0635CA2A7FD928003677D1 /* FetchedObjects.swift */ = {isa = PBXFileReference; lastKnownFileType = sourcecode.swift; path = FetchedObjects.swift; sourceTree = "<group>"; };
		5C0635CC2A7FD995003677D1 /* DisplayDish.swift */ = {isa = PBXFileReference; lastKnownFileType = sourcecode.swift; path = DisplayDish.swift; sourceTree = "<group>"; };
		5C0635D02A83E73F003677D1 /* Onboarding.swift */ = {isa = PBXFileReference; lastKnownFileType = sourcecode.swift; path = Onboarding.swift; sourceTree = "<group>"; };
		5C0635D22A83EB13003677D1 /* String+Extensions.swift */ = {isa = PBXFileReference; lastKnownFileType = sourcecode.swift; path = "String+Extensions.swift"; sourceTree = "<group>"; };
		5C0635D42A8462CE003677D1 /* Home.swift */ = {isa = PBXFileReference; lastKnownFileType = sourcecode.swift; path = Home.swift; sourceTree = "<group>"; };
		5C0635D62A84637D003677D1 /* Menu.swift */ = {isa = PBXFileReference; lastKnownFileType = sourcecode.swift; path = Menu.swift; sourceTree = "<group>"; };
		5C14A83F2A7E301800FD2FA4 /* littlelemon.app */ = {isa = PBXFileReference; explicitFileType = wrapper.application; includeInIndex = 0; path = littlelemon.app; sourceTree = BUILT_PRODUCTS_DIR; };
		5C14A8422A7E301800FD2FA4 /* littlelemonApp.swift */ = {isa = PBXFileReference; lastKnownFileType = sourcecode.swift; path = littlelemonApp.swift; sourceTree = "<group>"; };
		5C14A8462A7E301B00FD2FA4 /* Assets.xcassets */ = {isa = PBXFileReference; lastKnownFileType = folder.assetcatalog; path = Assets.xcassets; sourceTree = "<group>"; };
		5C14A8492A7E301B00FD2FA4 /* Preview Assets.xcassets */ = {isa = PBXFileReference; lastKnownFileType = folder.assetcatalog; path = "Preview Assets.xcassets"; sourceTree = "<group>"; };
		5C14A84B2A7E301B00FD2FA4 /* Persistence.swift */ = {isa = PBXFileReference; lastKnownFileType = sourcecode.swift; path = Persistence.swift; sourceTree = "<group>"; };
		5C14A84E2A7E301B00FD2FA4 /* littlelemon.xcdatamodel */ = {isa = PBXFileReference; lastKnownFileType = wrapper.xcdatamodel; path = littlelemon.xcdatamodel; sourceTree = "<group>"; };
		5C326E7F2A88702500D3BE01 /* MenuList.swift */ = {isa = PBXFileReference; lastKnownFileType = sourcecode.swift; path = MenuList.swift; sourceTree = "<group>"; };
		5C326E812A88750500D3BE01 /* MenuItem.swift */ = {isa = PBXFileReference; lastKnownFileType = sourcecode.swift; path = MenuItem.swift; sourceTree = "<group>"; };
		5C326E842A88791300D3BE01 /* ExampleDatabase.xcdatamodel */ = {isa = PBXFileReference; lastKnownFileType = wrapper.xcdatamodel; path = ExampleDatabase.xcdatamodel; sourceTree = "<group>"; };
		5C326E862A89E25A00D3BE01 /* AppColors.swift */ = {isa = PBXFileReference; lastKnownFileType = sourcecode.swift; path = AppColors.swift; sourceTree = "<group>"; };
		5CCA24ED2A8DB12000448DAA /* CGFloat+Extensions.swift */ = {isa = PBXFileReference; lastKnownFileType = sourcecode.swift; path = "CGFloat+Extensions.swift"; sourceTree = "<group>"; };
		5CCA24EF2A8EFEDC00448DAA /* Constants.swift */ = {isa = PBXFileReference; lastKnownFileType = sourcecode.swift; path = Constants.swift; sourceTree = "<group>"; };
		5CCA24F32A8F98A000448DAA /* Texts.swift */ = {isa = PBXFileReference; lastKnownFileType = sourcecode.swift; path = Texts.swift; sourceTree = "<group>"; };
		5CCA24F52A8F995300448DAA /* Keys.swift */ = {isa = PBXFileReference; lastKnownFileType = sourcecode.swift; path = Keys.swift; sourceTree = "<group>"; };
		5CCA24F72A8FA0C400448DAA /* UserDefaults+Extensions.swift */ = {isa = PBXFileReference; lastKnownFileType = sourcecode.swift; path = "UserDefaults+Extensions.swift"; sourceTree = "<group>"; };
		5CCA24FA2A8FA49B00448DAA /* LittleLemonTextField.swift */ = {isa = PBXFileReference; lastKnownFileType = sourcecode.swift; path = LittleLemonTextField.swift; sourceTree = "<group>"; };
		5CCA24FC2A8FAA8900448DAA /* LittleLemonImageView.swift */ = {isa = PBXFileReference; lastKnownFileType = sourcecode.swift; path = LittleLemonImageView.swift; sourceTree = "<group>"; };
		5CCA24FF2A9059D000448DAA /* Details.swift */ = {isa = PBXFileReference; lastKnownFileType = sourcecode.swift; path = Details.swift; sourceTree = "<group>"; };
		5CED88922A85342200525E28 /* UserProfile.swift */ = {isa = PBXFileReference; lastKnownFileType = sourcecode.swift; path = UserProfile.swift; sourceTree = "<group>"; };
/* End PBXFileReference section */

/* Begin PBXFrameworksBuildPhase section */
		5C14A83C2A7E301800FD2FA4 /* Frameworks */ = {
			isa = PBXFrameworksBuildPhase;
			buildActionMask = 2147483647;
			files = (
			);
			runOnlyForDeploymentPostprocessing = 0;
		};
/* End PBXFrameworksBuildPhase section */

/* Begin PBXGroup section */
		5C14A8362A7E301800FD2FA4 = {
			isa = PBXGroup;
			children = (
				5C14A8412A7E301800FD2FA4 /* littlelemon */,
				5C14A8402A7E301800FD2FA4 /* Products */,
			);
			sourceTree = "<group>";
		};
		5C14A8402A7E301800FD2FA4 /* Products */ = {
			isa = PBXGroup;
			children = (
				5C14A83F2A7E301800FD2FA4 /* littlelemon.app */,
			);
			name = Products;
			sourceTree = "<group>";
		};
		5C14A8412A7E301800FD2FA4 /* littlelemon */ = {
			isa = PBXGroup;
			children = (
				5C14A8422A7E301800FD2FA4 /* littlelemonApp.swift */,
				5C0635D02A83E73F003677D1 /* Onboarding.swift */,
				5C0635D42A8462CE003677D1 /* Home.swift */,
				5C0635D62A84637D003677D1 /* Menu.swift */,
				5CCA24FF2A9059D000448DAA /* Details.swift */,
				5CED88922A85342200525E28 /* UserProfile.swift */,
				5C14A84B2A7E301B00FD2FA4 /* Persistence.swift */,
				5C0635C62A7FD615003677D1 /* Dish+CoreDataClass.swift */,
				5C0635CA2A7FD928003677D1 /* FetchedObjects.swift */,
				5C0635C82A7FD670003677D1 /* Dish+CoreDataProperties.swift */,
				5CCA24FE2A8FAB8400448DAA /* Constants */,
				5CCA24F92A8FA48200448DAA /* Components */,
				5CCA24F22A8F0C1500448DAA /* Models */,
				5CCA24F12A8F0BF900448DAA /* Extensions */,
				5C14A8462A7E301B00FD2FA4 /* Assets.xcassets */,
				5C14A84D2A7E301B00FD2FA4 /* littlelemon.xcdatamodeld */,
				5C326E832A88791300D3BE01 /* ExampleDatabase.xcdatamodeld */,
				5C14A8482A7E301B00FD2FA4 /* Preview Content */,
			);
			path = littlelemon;
			sourceTree = "<group>";
		};
		5C14A8482A7E301B00FD2FA4 /* Preview Content */ = {
			isa = PBXGroup;
			children = (
				5C14A8492A7E301B00FD2FA4 /* Preview Assets.xcassets */,
			);
			path = "Preview Content";
			sourceTree = "<group>";
		};
		5CCA24F12A8F0BF900448DAA /* Extensions */ = {
			isa = PBXGroup;
			children = (
				5C0635D22A83EB13003677D1 /* String+Extensions.swift */,
				5C0635C42A7FD443003677D1 /* Dish+Extension.swift */,
				5CCA24ED2A8DB12000448DAA /* CGFloat+Extensions.swift */,
				5CCA24F72A8FA0C400448DAA /* UserDefaults+Extensions.swift */,
			);
			path = Extensions;
			sourceTree = "<group>";
		};
		5CCA24F22A8F0C1500448DAA /* Models */ = {
			isa = PBXGroup;
			children = (
				5C326E7F2A88702500D3BE01 /* MenuList.swift */,
				5C326E812A88750500D3BE01 /* MenuItem.swift */,
				5C0635BE2A7FD137003677D1 /* DishesModel.swift */,
			);
			path = Models;
			sourceTree = "<group>";
		};
		5CCA24F92A8FA48200448DAA /* Components */ = {
			isa = PBXGroup;
			children = (
				5C0635CC2A7FD995003677D1 /* DisplayDish.swift */,
				5CCA24FA2A8FA49B00448DAA /* LittleLemonTextField.swift */,
				5CCA24FC2A8FAA8900448DAA /* LittleLemonImageView.swift */,
			);
			path = Components;
			sourceTree = "<group>";
		};
		5CCA24FE2A8FAB8400448DAA /* Constants */ = {
			isa = PBXGroup;
			children = (
				5C326E862A89E25A00D3BE01 /* AppColors.swift */,
				5CCA24EF2A8EFEDC00448DAA /* Constants.swift */,
				5CCA24F52A8F995300448DAA /* Keys.swift */,
				5CCA24F32A8F98A000448DAA /* Texts.swift */,
			);
			path = Constants;
			sourceTree = "<group>";
		};
/* End PBXGroup section */

/* Begin PBXNativeTarget section */
		5C14A83E2A7E301800FD2FA4 /* littlelemon */ = {
			isa = PBXNativeTarget;
			buildConfigurationList = 5C14A8522A7E301B00FD2FA4 /* Build configuration list for PBXNativeTarget "littlelemon" */;
			buildPhases = (
				5C14A83B2A7E301800FD2FA4 /* Sources */,
				5C14A83C2A7E301800FD2FA4 /* Frameworks */,
				5C14A83D2A7E301800FD2FA4 /* Resources */,
			);
			buildRules = (
			);
			dependencies = (
			);
			name = littlelemon;
			productName = littlelemon;
			productReference = 5C14A83F2A7E301800FD2FA4 /* littlelemon.app */;
			productType = "com.apple.product-type.application";
		};
/* End PBXNativeTarget section */

/* Begin PBXProject section */
		5C14A8372A7E301800FD2FA4 /* Project object */ = {
			isa = PBXProject;
			attributes = {
				BuildIndependentTargetsInParallel = 1;
				LastSwiftUpdateCheck = 1410;
				LastUpgradeCheck = 1410;
				TargetAttributes = {
					5C14A83E2A7E301800FD2FA4 = {
						CreatedOnToolsVersion = 14.1;
					};
				};
			};
			buildConfigurationList = 5C14A83A2A7E301800FD2FA4 /* Build configuration list for PBXProject "littlelemon" */;
			compatibilityVersion = "Xcode 14.0";
			developmentRegion = en;
			hasScannedForEncodings = 0;
			knownRegions = (
				en,
				Base,
			);
			mainGroup = 5C14A8362A7E301800FD2FA4;
			productRefGroup = 5C14A8402A7E301800FD2FA4 /* Products */;
			projectDirPath = "";
			projectRoot = "";
			targets = (
				5C14A83E2A7E301800FD2FA4 /* littlelemon */,
			);
		};
/* End PBXProject section */

/* Begin PBXResourcesBuildPhase section */
		5C14A83D2A7E301800FD2FA4 /* Resources */ = {
			isa = PBXResourcesBuildPhase;
			buildActionMask = 2147483647;
			files = (
				5C14A84A2A7E301B00FD2FA4 /* Preview Assets.xcassets in Resources */,
				5C14A8472A7E301B00FD2FA4 /* Assets.xcassets in Resources */,
			);
			runOnlyForDeploymentPostprocessing = 0;
		};
/* End PBXResourcesBuildPhase section */

/* Begin PBXSourcesBuildPhase section */
		5C14A83B2A7E301800FD2FA4 /* Sources */ = {
			isa = PBXSourcesBuildPhase;
			buildActionMask = 2147483647;
			files = (
				5C14A84C2A7E301B00FD2FA4 /* Persistence.swift in Sources */,
				5C0635D32A83EB13003677D1 /* String+Extensions.swift in Sources */,
				5C14A84F2A7E301B00FD2FA4 /* littlelemon.xcdatamodeld in Sources */,
				5C0635CD2A7FD995003677D1 /* DisplayDish.swift in Sources */,
				5C0635BF2A7FD137003677D1 /* DishesModel.swift in Sources */,
				5C0635D52A8462CE003677D1 /* Home.swift in Sources */,
				5CCA24EE2A8DB12000448DAA /* CGFloat+Extensions.swift in Sources */,
				5CCA24F82A8FA0C400448DAA /* UserDefaults+Extensions.swift in Sources */,
				5CCA25002A9059D000448DAA /* Details.swift in Sources */,
				5C0635C52A7FD443003677D1 /* Dish+Extension.swift in Sources */,
				5C0635D12A83E73F003677D1 /* Onboarding.swift in Sources */,
				5C326E872A89E25A00D3BE01 /* AppColors.swift in Sources */,
				5C0635D72A84637D003677D1 /* Menu.swift in Sources */,
				5CCA24F02A8EFEDC00448DAA /* Constants.swift in Sources */,
				5C14A8432A7E301800FD2FA4 /* littlelemonApp.swift in Sources */,
				5C326E802A88702500D3BE01 /* MenuList.swift in Sources */,
				5CCA24FD2A8FAA8900448DAA /* LittleLemonImageView.swift in Sources */,
				5CCA24FB2A8FA49B00448DAA /* LittleLemonTextField.swift in Sources */,
				5CED88932A85342200525E28 /* UserProfile.swift in Sources */,
				5CCA24F62A8F995300448DAA /* Keys.swift in Sources */,
				5CCA24F42A8F98A000448DAA /* Texts.swift in Sources */,
				5C0635C72A7FD615003677D1 /* Dish+CoreDataClass.swift in Sources */,
				5C326E822A88750500D3BE01 /* MenuItem.swift in Sources */,
				5C326E852A88791300D3BE01 /* ExampleDatabase.xcdatamodeld in Sources */,
				5C0635CB2A7FD928003677D1 /* FetchedObjects.swift in Sources */,
				5C0635C92A7FD670003677D1 /* Dish+CoreDataProperties.swift in Sources */,
			);
			runOnlyForDeploymentPostprocessing = 0;
		};
/* End PBXSourcesBuildPhase section */

/* Begin XCBuildConfiguration section */
		5C14A8502A7E301B00FD2FA4 /* Debug */ = {
			isa = XCBuildConfiguration;
			buildSettings = {
				ALWAYS_SEARCH_USER_PATHS = NO;
				CLANG_ANALYZER_NONNULL = YES;
				CLANG_ANALYZER_NUMBER_OBJECT_CONVERSION = YES_AGGRESSIVE;
				CLANG_CXX_LANGUAGE_STANDARD = "gnu++20";
				CLANG_ENABLE_MODULES = YES;
				CLANG_ENABLE_OBJC_ARC = YES;
				CLANG_ENABLE_OBJC_WEAK = YES;
				CLANG_WARN_BLOCK_CAPTURE_AUTORELEASING = YES;
				CLANG_WARN_BOOL_CONVERSION = YES;
				CLANG_WARN_COMMA = YES;
				CLANG_WARN_CONSTANT_CONVERSION = YES;
				CLANG_WARN_DEPRECATED_OBJC_IMPLEMENTATIONS = YES;
				CLANG_WARN_DIRECT_OBJC_ISA_USAGE = YES_ERROR;
				CLANG_WARN_DOCUMENTATION_COMMENTS = YES;
				CLANG_WARN_EMPTY_BODY = YES;
				CLANG_WARN_ENUM_CONVERSION = YES;
				CLANG_WARN_INFINITE_RECURSION = YES;
				CLANG_WARN_INT_CONVERSION = YES;
				CLANG_WARN_NON_LITERAL_NULL_CONVERSION = YES;
				CLANG_WARN_OBJC_IMPLICIT_RETAIN_SELF = YES;
				CLANG_WARN_OBJC_LITERAL_CONVERSION = YES;
				CLANG_WARN_OBJC_ROOT_CLASS = YES_ERROR;
				CLANG_WARN_QUOTED_INCLUDE_IN_FRAMEWORK_HEADER = YES;
				CLANG_WARN_RANGE_LOOP_ANALYSIS = YES;
				CLANG_WARN_STRICT_PROTOTYPES = YES;
				CLANG_WARN_SUSPICIOUS_MOVE = YES;
				CLANG_WARN_UNGUARDED_AVAILABILITY = YES_AGGRESSIVE;
				CLANG_WARN_UNREACHABLE_CODE = YES;
				CLANG_WARN__DUPLICATE_METHOD_MATCH = YES;
				COPY_PHASE_STRIP = NO;
				DEBUG_INFORMATION_FORMAT = dwarf;
				ENABLE_STRICT_OBJC_MSGSEND = YES;
				ENABLE_TESTABILITY = YES;
				GCC_C_LANGUAGE_STANDARD = gnu11;
				GCC_DYNAMIC_NO_PIC = NO;
				GCC_NO_COMMON_BLOCKS = YES;
				GCC_OPTIMIZATION_LEVEL = 0;
				GCC_PREPROCESSOR_DEFINITIONS = (
					"DEBUG=1",
					"$(inherited)",
				);
				GCC_WARN_64_TO_32_BIT_CONVERSION = YES;
				GCC_WARN_ABOUT_RETURN_TYPE = YES_ERROR;
				GCC_WARN_UNDECLARED_SELECTOR = YES;
				GCC_WARN_UNINITIALIZED_AUTOS = YES_AGGRESSIVE;
				GCC_WARN_UNUSED_FUNCTION = YES;
				GCC_WARN_UNUSED_VARIABLE = YES;
				IPHONEOS_DEPLOYMENT_TARGET = 16.1;
				MTL_ENABLE_DEBUG_INFO = INCLUDE_SOURCE;
				MTL_FAST_MATH = YES;
				ONLY_ACTIVE_ARCH = YES;
				SDKROOT = iphoneos;
				SWIFT_ACTIVE_COMPILATION_CONDITIONS = DEBUG;
				SWIFT_OPTIMIZATION_LEVEL = "-Onone";
			};
			name = Debug;
		};
		5C14A8512A7E301B00FD2FA4 /* Release */ = {
			isa = XCBuildConfiguration;
			buildSettings = {
				ALWAYS_SEARCH_USER_PATHS = NO;
				CLANG_ANALYZER_NONNULL = YES;
				CLANG_ANALYZER_NUMBER_OBJECT_CONVERSION = YES_AGGRESSIVE;
				CLANG_CXX_LANGUAGE_STANDARD = "gnu++20";
				CLANG_ENABLE_MODULES = YES;
				CLANG_ENABLE_OBJC_ARC = YES;
				CLANG_ENABLE_OBJC_WEAK = YES;
				CLANG_WARN_BLOCK_CAPTURE_AUTORELEASING = YES;
				CLANG_WARN_BOOL_CONVERSION = YES;
				CLANG_WARN_COMMA = YES;
				CLANG_WARN_CONSTANT_CONVERSION = YES;
				CLANG_WARN_DEPRECATED_OBJC_IMPLEMENTATIONS = YES;
				CLANG_WARN_DIRECT_OBJC_ISA_USAGE = YES_ERROR;
				CLANG_WARN_DOCUMENTATION_COMMENTS = YES;
				CLANG_WARN_EMPTY_BODY = YES;
				CLANG_WARN_ENUM_CONVERSION = YES;
				CLANG_WARN_INFINITE_RECURSION = YES;
				CLANG_WARN_INT_CONVERSION = YES;
				CLANG_WARN_NON_LITERAL_NULL_CONVERSION = YES;
				CLANG_WARN_OBJC_IMPLICIT_RETAIN_SELF = YES;
				CLANG_WARN_OBJC_LITERAL_CONVERSION = YES;
				CLANG_WARN_OBJC_ROOT_CLASS = YES_ERROR;
				CLANG_WARN_QUOTED_INCLUDE_IN_FRAMEWORK_HEADER = YES;
				CLANG_WARN_RANGE_LOOP_ANALYSIS = YES;
				CLANG_WARN_STRICT_PROTOTYPES = YES;
				CLANG_WARN_SUSPICIOUS_MOVE = YES;
				CLANG_WARN_UNGUARDED_AVAILABILITY = YES_AGGRESSIVE;
				CLANG_WARN_UNREACHABLE_CODE = YES;
				CLANG_WARN__DUPLICATE_METHOD_MATCH = YES;
				COPY_PHASE_STRIP = NO;
				DEBUG_INFORMATION_FORMAT = "dwarf-with-dsym";
				ENABLE_NS_ASSERTIONS = NO;
				ENABLE_STRICT_OBJC_MSGSEND = YES;
				GCC_C_LANGUAGE_STANDARD = gnu11;
				GCC_NO_COMMON_BLOCKS = YES;
				GCC_WARN_64_TO_32_BIT_CONVERSION = YES;
				GCC_WARN_ABOUT_RETURN_TYPE = YES_ERROR;
				GCC_WARN_UNDECLARED_SELECTOR = YES;
				GCC_WARN_UNINITIALIZED_AUTOS = YES_AGGRESSIVE;
				GCC_WARN_UNUSED_FUNCTION = YES;
				GCC_WARN_UNUSED_VARIABLE = YES;
				IPHONEOS_DEPLOYMENT_TARGET = 16.1;
				MTL_ENABLE_DEBUG_INFO = NO;
				MTL_FAST_MATH = YES;
				SDKROOT = iphoneos;
				SWIFT_COMPILATION_MODE = wholemodule;
				SWIFT_OPTIMIZATION_LEVEL = "-O";
				VALIDATE_PRODUCT = YES;
			};
			name = Release;
		};
		5C14A8532A7E301B00FD2FA4 /* Debug */ = {
			isa = XCBuildConfiguration;
			buildSettings = {
				ASSETCATALOG_COMPILER_APPICON_NAME = AppIcon;
				ASSETCATALOG_COMPILER_GLOBAL_ACCENT_COLOR_NAME = AccentColor;
				CODE_SIGN_STYLE = Automatic;
				CURRENT_PROJECT_VERSION = 1;
				DEVELOPMENT_ASSET_PATHS = "\"littlelemon/Preview Content\"";
				DEVELOPMENT_TEAM = JU4VL4FT4R;
				ENABLE_PREVIEWS = YES;
				GENERATE_INFOPLIST_FILE = YES;
				INFOPLIST_KEY_UIApplicationSceneManifest_Generation = YES;
				INFOPLIST_KEY_UIApplicationSupportsIndirectInputEvents = YES;
				INFOPLIST_KEY_UILaunchScreen_Generation = YES;
				INFOPLIST_KEY_UISupportedInterfaceOrientations_iPad = "UIInterfaceOrientationPortrait UIInterfaceOrientationPortraitUpsideDown UIInterfaceOrientationLandscapeLeft UIInterfaceOrientationLandscapeRight";
				INFOPLIST_KEY_UISupportedInterfaceOrientations_iPhone = "UIInterfaceOrientationPortrait UIInterfaceOrientationLandscapeLeft UIInterfaceOrientationLandscapeRight";
				LD_RUNPATH_SEARCH_PATHS = (
					"$(inherited)",
					"@executable_path/Frameworks",
				);
				MARKETING_VERSION = 1.0;
				PRODUCT_BUNDLE_IDENTIFIER = com.littlelemon;
				PRODUCT_NAME = "$(TARGET_NAME)";
				SWIFT_EMIT_LOC_STRINGS = YES;
				SWIFT_VERSION = 5.0;
				TARGETED_DEVICE_FAMILY = "1,2";
			};
			name = Debug;
		};
		5C14A8542A7E301B00FD2FA4 /* Release */ = {
			isa = XCBuildConfiguration;
			buildSettings = {
				ASSETCATALOG_COMPILER_APPICON_NAME = AppIcon;
				ASSETCATALOG_COMPILER_GLOBAL_ACCENT_COLOR_NAME = AccentColor;
				CODE_SIGN_STYLE = Automatic;
				CURRENT_PROJECT_VERSION = 1;
				DEVELOPMENT_ASSET_PATHS = "\"littlelemon/Preview Content\"";
				DEVELOPMENT_TEAM = JU4VL4FT4R;
				ENABLE_PREVIEWS = YES;
				GENERATE_INFOPLIST_FILE = YES;
				INFOPLIST_KEY_UIApplicationSceneManifest_Generation = YES;
				INFOPLIST_KEY_UIApplicationSupportsIndirectInputEvents = YES;
				INFOPLIST_KEY_UILaunchScreen_Generation = YES;
				INFOPLIST_KEY_UISupportedInterfaceOrientations_iPad = "UIInterfaceOrientationPortrait UIInterfaceOrientationPortraitUpsideDown UIInterfaceOrientationLandscapeLeft UIInterfaceOrientationLandscapeRight";
				INFOPLIST_KEY_UISupportedInterfaceOrientations_iPhone = "UIInterfaceOrientationPortrait UIInterfaceOrientationLandscapeLeft UIInterfaceOrientationLandscapeRight";
				LD_RUNPATH_SEARCH_PATHS = (
					"$(inherited)",
					"@executable_path/Frameworks",
				);
				MARKETING_VERSION = 1.0;
				PRODUCT_BUNDLE_IDENTIFIER = com.littlelemon;
				PRODUCT_NAME = "$(TARGET_NAME)";
				SWIFT_EMIT_LOC_STRINGS = YES;
				SWIFT_VERSION = 5.0;
				TARGETED_DEVICE_FAMILY = "1,2";
			};
			name = Release;
		};
/* End XCBuildConfiguration section */

/* Begin XCConfigurationList section */
		5C14A83A2A7E301800FD2FA4 /* Build configuration list for PBXProject "littlelemon" */ = {
			isa = XCConfigurationList;
			buildConfigurations = (
				5C14A8502A7E301B00FD2FA4 /* Debug */,
				5C14A8512A7E301B00FD2FA4 /* Release */,
			);
			defaultConfigurationIsVisible = 0;
			defaultConfigurationName = Release;
		};
		5C14A8522A7E301B00FD2FA4 /* Build configuration list for PBXNativeTarget "littlelemon" */ = {
			isa = XCConfigurationList;
			buildConfigurations = (
				5C14A8532A7E301B00FD2FA4 /* Debug */,
				5C14A8542A7E301B00FD2FA4 /* Release */,
			);
			defaultConfigurationIsVisible = 0;
			defaultConfigurationName = Release;
		};
/* End XCConfigurationList section */

/* Begin XCVersionGroup section */
		5C14A84D2A7E301B00FD2FA4 /* littlelemon.xcdatamodeld */ = {
			isa = XCVersionGroup;
			children = (
				5C14A84E2A7E301B00FD2FA4 /* littlelemon.xcdatamodel */,
			);
			currentVersion = 5C14A84E2A7E301B00FD2FA4 /* littlelemon.xcdatamodel */;
			path = littlelemon.xcdatamodeld;
			sourceTree = "<group>";
			versionGroupType = wrapper.xcdatamodel;
		};
		5C326E832A88791300D3BE01 /* ExampleDatabase.xcdatamodeld */ = {
			isa = XCVersionGroup;
			children = (
				5C326E842A88791300D3BE01 /* ExampleDatabase.xcdatamodel */,
			);
			currentVersion = 5C326E842A88791300D3BE01 /* ExampleDatabase.xcdatamodel */;
			path = ExampleDatabase.xcdatamodeld;
			sourceTree = "<group>";
			versionGroupType = wrapper.xcdatamodel;
		};
/* End XCVersionGroup section */
	};
	rootObject = 5C14A8372A7E301800FD2FA4 /* Project object */;
}
